
Microsoft Visual Studio Solution File, Format Version 12.00
# Visual Studio Version 16
VisualStudioVersion = 16.0.28714.193
MinimumVisualStudioVersion = 10.0.40219.1
Project("{8BC9CEB8-8B4A-11D0-8D11-00A0C91BC942}") = "cuda-10.1-template-2019", "cuda-10.1-template-2019.vcxproj", "{6421AD9E-98BB-49DF-8CAC-F95E2309CBD6}"
EndProject
Global
	GlobalSection(SolutionConfigurationPlatforms) = preSolution
		Debug|x64 = Debug|x64
		Release|x64 = Release|x64
	EndGlobalSection
	GlobalSection(ProjectConfigurationPlatforms) = postSolution
		{6421AD9E-98BB-49DF-8CAC-F95E2309CBD6}.Debug|x64.ActiveCfg = Debug|x64
		{6421AD9E-98BB-49DF-8CAC-F95E2309CBD6}.Debug|x64.Build.0 = Debug|x64
		{6421AD9E-98BB-49DF-8CAC-F95E2309CBD6}.Release|x64.ActiveCfg = Release|x64
		{6421AD9E-98BB-49DF-8CAC-F95E2309CBD6}.Release|x64.Build.0 = Release|x64
	EndGlobalSection
	GlobalSection(SolutionProperties) = preSolution
		HideSolutionNode = FALSE
	EndGlobalSection
	GlobalSection(ExtensibilityGlobals) = postSolution
		SolutionGuid = {53526E30-AD49-4AA9-BB54-5FA6F31E1C99}
	EndGlobalSection
EndGlobal
